
Microsoft Visual Studio Solution File, Format Version 11.00
# Visual Studio 2010
Project("{FAE04EC0-301F-11D3-BF4B-00C04F79EFBC}") = "Amido.Testing", "Amido.Testing\Amido.Testing.csproj", "{F7BA79D5-A3AE-4993-9927-66E514196A49}"
EndProject
Project("{FAE04EC0-301F-11D3-BF4B-00C04F79EFBC}") = "Amido.Testing.Tests", "Amido.Testing.Tests\Amido.Testing.Tests.csproj", "{AA5C7647-7B68-4A28-BB64-ACD89F5F2C48}"
EndProject
Project("{2150E333-8FDC-42A3-9474-1A3956D46DE8}") = "Solution Items", "Solution Items", "{FEAC57BD-FCAC-4415-93D9-80A35A1287E1}"
	ProjectSection(SolutionItems) = preProject
		Amido.Testing.vsmdi = Amido.Testing.vsmdi
		Local.testsettings = Local.testsettings
		TraceAndTestImpact.testsettings = TraceAndTestImpact.testsettings
	EndProjectSection
EndProject
Project("{FAE04EC0-301F-11D3-BF4B-00C04F79EFBC}") = "Amido.Testing.Azure", "Amido.Testing.Azure\Amido.Testing.Azure.csproj", "{EED5B8CA-70E7-4547-BC0E-DB31CD9117DB}"
EndProject
Project("{FAE04EC0-301F-11D3-BF4B-00C04F79EFBC}") = "Amido.Testing.WebApi", "Amido.Testing.WebApi\Amido.Testing.WebApi.csproj", "{67E3C019-B49E-4658-A7F2-76DFD739DE95}"
EndProject
Project("{FAE04EC0-301F-11D3-BF4B-00C04F79EFBC}") = "Amido.Testing.SpecFlow", "Amido.Testing.SpecFlow\Amido.Testing.SpecFlow.csproj", "{DC14817D-398B-4790-9E5E-C2B25438F5D4}"
EndProject
Project("{FAE04EC0-301F-11D3-BF4B-00C04F79EFBC}") = "Amido.Testing.SpecFlow.Tests", "Amido.Testing.SpecFlow.Tests\Amido.Testing.SpecFlow.Tests.csproj", "{C331008C-29B3-4262-BEB0-182992D0FDCF}"
EndProject
Global
	GlobalSection(TestCaseManagementSettings) = postSolution
		CategoryFile = Amido.Testing.vsmdi
	EndGlobalSection
	GlobalSection(SolutionConfigurationPlatforms) = preSolution
		Debug|Any CPU = Debug|Any CPU
		Release|Any CPU = Release|Any CPU
	EndGlobalSection
	GlobalSection(ProjectConfigurationPlatforms) = postSolution
		{F7BA79D5-A3AE-4993-9927-66E514196A49}.Debug|Any CPU.ActiveCfg = Debug|Any CPU
		{F7BA79D5-A3AE-4993-9927-66E514196A49}.Debug|Any CPU.Build.0 = Debug|Any CPU
		{F7BA79D5-A3AE-4993-9927-66E514196A49}.Release|Any CPU.ActiveCfg = Release|Any CPU
		{F7BA79D5-A3AE-4993-9927-66E514196A49}.Release|Any CPU.Build.0 = Release|Any CPU
		{AA5C7647-7B68-4A28-BB64-ACD89F5F2C48}.Debug|Any CPU.ActiveCfg = Debug|Any CPU
		{AA5C7647-7B68-4A28-BB64-ACD89F5F2C48}.Debug|Any CPU.Build.0 = Debug|Any CPU
		{AA5C7647-7B68-4A28-BB64-ACD89F5F2C48}.Release|Any CPU.ActiveCfg = Release|Any CPU
		{AA5C7647-7B68-4A28-BB64-ACD89F5F2C48}.Release|Any CPU.Build.0 = Release|Any CPU
		{EED5B8CA-70E7-4547-BC0E-DB31CD9117DB}.Debug|Any CPU.ActiveCfg = Debug|Any CPU
		{EED5B8CA-70E7-4547-BC0E-DB31CD9117DB}.Debug|Any CPU.Build.0 = Debug|Any CPU
		{EED5B8CA-70E7-4547-BC0E-DB31CD9117DB}.Release|Any CPU.ActiveCfg = Release|Any CPU
		{EED5B8CA-70E7-4547-BC0E-DB31CD9117DB}.Release|Any CPU.Build.0 = Release|Any CPU
		{67E3C019-B49E-4658-A7F2-76DFD739DE95}.Debug|Any CPU.ActiveCfg = Debug|Any CPU
		{67E3C019-B49E-4658-A7F2-76DFD739DE95}.Debug|Any CPU.Build.0 = Debug|Any CPU
		{67E3C019-B49E-4658-A7F2-76DFD739DE95}.Release|Any CPU.ActiveCfg = Release|Any CPU
		{67E3C019-B49E-4658-A7F2-76DFD739DE95}.Release|Any CPU.Build.0 = Release|Any CPU
		{DC14817D-398B-4790-9E5E-C2B25438F5D4}.Debug|Any CPU.ActiveCfg = Debug|Any CPU
		{DC14817D-398B-4790-9E5E-C2B25438F5D4}.Debug|Any CPU.Build.0 = Debug|Any CPU
		{DC14817D-398B-4790-9E5E-C2B25438F5D4}.Release|Any CPU.ActiveCfg = Release|Any CPU
		{DC14817D-398B-4790-9E5E-C2B25438F5D4}.Release|Any CPU.Build.0 = Release|Any CPU
		{C331008C-29B3-4262-BEB0-182992D0FDCF}.Debug|Any CPU.ActiveCfg = Debug|Any CPU
		{C331008C-29B3-4262-BEB0-182992D0FDCF}.Debug|Any CPU.Build.0 = Debug|Any CPU
		{C331008C-29B3-4262-BEB0-182992D0FDCF}.Release|Any CPU.ActiveCfg = Release|Any CPU
		{C331008C-29B3-4262-BEB0-182992D0FDCF}.Release|Any CPU.Build.0 = Release|Any CPU
	EndGlobalSection
	GlobalSection(SolutionProperties) = preSolution
		HideSolutionNode = FALSE
	EndGlobalSection
EndGlobal
